# This file is generated by running "yarn install" inside your project.
# Manual changes might be lost - proceed with caution!

__metadata:
  version: 6
  cacheKey: 8

"@larvit/eslint-config-esm@npm:1.0.0":
  version: 1.0.0
  resolution: "@larvit/eslint-config-esm@npm:1.0.0"
  dependencies:
    eslint-plugin-simple-import-sort: 8.0.0
  peerDependencies:
    eslint: ">= 8"
  checksum: 474c5df9446872ed18fecf3cfd66b9cd2784e543120ad573210630c6569977958a25a40e14759c777e7253202757c6684f7337569640981ffcd3b62fb87d917f
  languageName: node
  linkType: hard

"@larvit/eslint-config-esm@workspace:.":
  version: 0.0.0-use.local
  resolution: "@larvit/eslint-config-esm@workspace:."
  dependencies:
    "@larvit/eslint-config-esm": 1.0.0
    eslint-plugin-simple-import-sort: 8.0.0
  peerDependencies:
    eslint: ">= 8"
    typescript: ">= 4"
  languageName: unknown
  linkType: soft

"eslint-plugin-simple-import-sort@npm:8.0.0":
  version: 8.0.0
  resolution: "eslint-plugin-simple-import-sort@npm:8.0.0"
  peerDependencies:
    eslint: ">=5.0.0"
  checksum: d2a92a7d148803ee9ad4f081892a8d03820198c36a0f4f16a97d9f686a714edc9c9a9e51cc79cb0ba1afff76a1fde6a5eae50e9e3754928068227c92a2db5d6b
  languageName: node
  linkType: hard
