# This file is generated by running "yarn install" inside your project.
# Manual changes might be lost - proceed with caution!

__metadata:
  version: 8
  cacheKey: 10c0

"@eslint-community/eslint-utils@npm:^4.4.0":
  version: 4.4.0
  resolution: "@eslint-community/eslint-utils@npm:4.4.0"
  dependencies:
    eslint-visitor-keys: "npm:^3.3.0"
  peerDependencies:
    eslint: ^6.0.0 || ^7.0.0 || >=8.0.0
  checksum: 7e559c4ce59cd3a06b1b5a517b593912e680a7f981ae7affab0d01d709e99cd5647019be8fafa38c350305bc32f1f7d42c7073edde2ab536c745e365f37b607e
  languageName: node
  linkType: hard

"@eslint-community/regexpp@npm:^4.5.1":
  version: 4.5.1
  resolution: "@eslint-community/regexpp@npm:4.5.1"
  checksum: d79cbd99cc4dcfbb17e8dd30a30bb5aec5da9c60b9471043f886f116615bb15f0d417cb0ca638cefedba0b4c67c339e2011b53d88264a4540775f042a5879e01
  languageName: node
  linkType: hard

"@larvit/eslint-config-esm@npm:1.1.0":
  version: 1.1.0
  resolution: "@larvit/eslint-config-esm@npm:1.1.0"
  dependencies:
    eslint-plugin-simple-import-sort: "npm:8.0.0"
  peerDependencies:
    eslint: ">= 8"
  checksum: bfcddea88410c507cb99f13ffcf99383ed1e1ab75c92685755d3fbaca4fb9dfb63f938c053796e6fe9e406f12af0fdf24526f88b5482719f86e511602b12ad45
  languageName: node
  linkType: hard

"@larvit/eslint-config-typescript-esm@workspace:.":
  version: 0.0.0-use.local
  resolution: "@larvit/eslint-config-typescript-esm@workspace:."
  dependencies:
    "@larvit/eslint-config-esm": "npm:1.1.0"
    "@typescript-eslint/eslint-plugin": "npm:6.7.5"
    "@typescript-eslint/parser": "npm:6.7.5"
    eslint-plugin-typescript-sort-keys: "npm:3.1.0"
  peerDependencies:
    eslint: ">= 8"
    typescript: ">= 4"
  languageName: unknown
  linkType: soft

"@nodelib/fs.scandir@npm:2.1.5":
  version: 2.1.5
  resolution: "@nodelib/fs.scandir@npm:2.1.5"
  dependencies:
    "@nodelib/fs.stat": "npm:2.0.5"
    run-parallel: "npm:^1.1.9"
  checksum: 732c3b6d1b1e967440e65f284bd06e5821fedf10a1bea9ed2bb75956ea1f30e08c44d3def9d6a230666574edbaf136f8cfd319c14fd1f87c66e6a44449afb2eb
  languageName: node
  linkType: hard

"@nodelib/fs.stat@npm:2.0.5, @nodelib/fs.stat@npm:^2.0.2":
  version: 2.0.5
  resolution: "@nodelib/fs.stat@npm:2.0.5"
  checksum: 88dafe5e3e29a388b07264680dc996c17f4bda48d163a9d4f5c1112979f0ce8ec72aa7116122c350b4e7976bc5566dc3ddb579be1ceaacc727872eb4ed93926d
  languageName: node
  linkType: hard

"@nodelib/fs.walk@npm:^1.2.3":
  version: 1.2.8
  resolution: "@nodelib/fs.walk@npm:1.2.8"
  dependencies:
    "@nodelib/fs.scandir": "npm:2.1.5"
    fastq: "npm:^1.6.0"
  checksum: db9de047c3bb9b51f9335a7bb46f4fcfb6829fb628318c12115fbaf7d369bfce71c15b103d1fc3b464812d936220ee9bc1c8f762d032c9f6be9acc99249095b1
  languageName: node
  linkType: hard

"@types/json-schema@npm:^7.0.12":
  version: 7.0.12
  resolution: "@types/json-schema@npm:7.0.12"
  checksum: 2c39946ae321fe42d085c61a85872a81bbee70f9b2054ad344e8811dfc478fdbaf1ebf5f2989bb87c895ba2dfc3b1dcba85db11e467bbcdc023708814207791c
  languageName: node
  linkType: hard

"@types/json-schema@npm:^7.0.9":
  version: 7.0.11
  resolution: "@types/json-schema@npm:7.0.11"
  checksum: bd1f9a7b898ff15c4bb494eb19124f2d688b804c39f07cbf135ac73f35324970e9e8329b72aae1fb543d925ea295a1568b23056c26658cecec4741fa28c3b81a
  languageName: node
  linkType: hard

"@types/semver@npm:^7.5.0":
  version: 7.5.0
  resolution: "@types/semver@npm:7.5.0"
  checksum: ca4ba4642b5972b6e88e73c5bc02bbaceb8d76bce71748d86e3e95042d4e5a44603113a1dcd2cb9b73ad6f91f6e4ab73185eb41bbfc9c73b11f0ed3db3b7443a
  languageName: node
  linkType: hard

"@typescript-eslint/eslint-plugin@npm:6.7.5":
  version: 6.7.5
  resolution: "@typescript-eslint/eslint-plugin@npm:6.7.5"
  dependencies:
    "@eslint-community/regexpp": "npm:^4.5.1"
    "@typescript-eslint/scope-manager": "npm:6.7.5"
    "@typescript-eslint/type-utils": "npm:6.7.5"
    "@typescript-eslint/utils": "npm:6.7.5"
    "@typescript-eslint/visitor-keys": "npm:6.7.5"
    debug: "npm:^4.3.4"
    graphemer: "npm:^1.4.0"
    ignore: "npm:^5.2.4"
    natural-compare: "npm:^1.4.0"
    semver: "npm:^7.5.4"
    ts-api-utils: "npm:^1.0.1"
  peerDependencies:
    "@typescript-eslint/parser": ^6.0.0 || ^6.0.0-alpha
    eslint: ^7.0.0 || ^8.0.0
  peerDependenciesMeta:
    typescript:
      optional: true
  checksum: f9504c8dd400f8cb4058dc222c1b4b7f5da73223febec9f230ed85b873f720c9e339537b90e77aa31d1752ec2f2f7d20f87f874392bcd5c9d68d69b67c4f323b
  languageName: node
  linkType: hard

"@typescript-eslint/experimental-utils@npm:^5.0.0":
  version: 5.38.1
  resolution: "@typescript-eslint/experimental-utils@npm:5.38.1"
  dependencies:
    "@typescript-eslint/utils": "npm:5.38.1"
  peerDependencies:
    eslint: ^6.0.0 || ^7.0.0 || ^8.0.0
  checksum: b6da282b39064d2c0dc901f2860d71a81f0f725396773d637fd8f16f85618146ddb2ca7134a30a411f74c2637bdd0a30fccb7007f519921732b764a685fb054f
  languageName: node
  linkType: hard

"@typescript-eslint/parser@npm:6.7.5":
  version: 6.7.5
  resolution: "@typescript-eslint/parser@npm:6.7.5"
  dependencies:
    "@typescript-eslint/scope-manager": "npm:6.7.5"
    "@typescript-eslint/types": "npm:6.7.5"
    "@typescript-eslint/typescript-estree": "npm:6.7.5"
    "@typescript-eslint/visitor-keys": "npm:6.7.5"
    debug: "npm:^4.3.4"
  peerDependencies:
    eslint: ^7.0.0 || ^8.0.0
  peerDependenciesMeta:
    typescript:
      optional: true
  checksum: 5107ed4213ab59ee21b0a55b84e13c8e00a382fb9b0691cbdebeb6d1d24ea8d93886517a5923a943340b3682062c7762f480c141b0b9b977f1bb43a07aae3c02
  languageName: node
  linkType: hard

"@typescript-eslint/scope-manager@npm:5.38.1":
  version: 5.38.1
  resolution: "@typescript-eslint/scope-manager@npm:5.38.1"
  dependencies:
    "@typescript-eslint/types": "npm:5.38.1"
    "@typescript-eslint/visitor-keys": "npm:5.38.1"
  checksum: 6e6bb30b125a4a1bfb850d8ba871405cc58b1103cdbd5e3551f041f680d24f0e295ef39ec9d8e411d22ea91bc1f3501cef33afdd63c8ded781e4e99dc5500520
  languageName: node
  linkType: hard

"@typescript-eslint/scope-manager@npm:6.7.5":
  version: 6.7.5
  resolution: "@typescript-eslint/scope-manager@npm:6.7.5"
  dependencies:
    "@typescript-eslint/types": "npm:6.7.5"
    "@typescript-eslint/visitor-keys": "npm:6.7.5"
  checksum: 40a123bba6a7c60616ef6f8e9fb24f17bd9c9f046b0ca8c9e72b8090d662a572c2ecf29d6b93c3ee632331b2bfd0cb07f66f2e58cfa0053680418ce04b9c8fae
  languageName: node
  linkType: hard

"@typescript-eslint/type-utils@npm:6.7.5":
  version: 6.7.5
  resolution: "@typescript-eslint/type-utils@npm:6.7.5"
  dependencies:
    "@typescript-eslint/typescript-estree": "npm:6.7.5"
    "@typescript-eslint/utils": "npm:6.7.5"
    debug: "npm:^4.3.4"
    ts-api-utils: "npm:^1.0.1"
  peerDependencies:
    eslint: ^7.0.0 || ^8.0.0
  peerDependenciesMeta:
    typescript:
      optional: true
  checksum: d777601af353f4c9cffce608b03c4704de660054ae6fb5613cc6fe4742a1c30f4f734b1ab55a2d0d3eae55622075cfb61004a8c12f04cdcf9b25b805ed6c3715
  languageName: node
  linkType: hard

"@typescript-eslint/types@npm:5.38.1":
  version: 5.38.1
  resolution: "@typescript-eslint/types@npm:5.38.1"
  checksum: 852bf9d3a5c56104769dc8281fdba2585511642601aed3560ea65cf7b41871cedf48f7dcd52a6bf07942276bed575c15934ae09022496a8f1de89f7ee08ba4d1
  languageName: node
  linkType: hard

"@typescript-eslint/types@npm:6.7.5":
  version: 6.7.5
  resolution: "@typescript-eslint/types@npm:6.7.5"
  checksum: 65150518a642cf4a2e3ee44996ba264dac8c24ae5a0b807599a8557616fb5461ecf869060658c47b5539c127a7ab794ec07afe70bb02757a125232021df8c996
  languageName: node
  linkType: hard

"@typescript-eslint/typescript-estree@npm:5.38.1":
  version: 5.38.1
  resolution: "@typescript-eslint/typescript-estree@npm:5.38.1"
  dependencies:
    "@typescript-eslint/types": "npm:5.38.1"
    "@typescript-eslint/visitor-keys": "npm:5.38.1"
    debug: "npm:^4.3.4"
    globby: "npm:^11.1.0"
    is-glob: "npm:^4.0.3"
    semver: "npm:^7.3.7"
    tsutils: "npm:^3.21.0"
  peerDependenciesMeta:
    typescript:
      optional: true
  checksum: c726188baec510d315d908a496c3515c2552e1b70e2bc92efeabad67f417edc937ce87fa5b073fa810bb2830f042babab4f57e09dbc4e2ce3aa09fc7af26fc85
  languageName: node
  linkType: hard

"@typescript-eslint/typescript-estree@npm:6.7.5":
  version: 6.7.5
  resolution: "@typescript-eslint/typescript-estree@npm:6.7.5"
  dependencies:
    "@typescript-eslint/types": "npm:6.7.5"
    "@typescript-eslint/visitor-keys": "npm:6.7.5"
    debug: "npm:^4.3.4"
    globby: "npm:^11.1.0"
    is-glob: "npm:^4.0.3"
    semver: "npm:^7.5.4"
    ts-api-utils: "npm:^1.0.1"
  peerDependenciesMeta:
    typescript:
      optional: true
  checksum: 03fa4ac324c89d7ca04da3594cc013638f473648da914de8a342574949366f36f8d7049b17a619398208f9022537cd62f5c5a2d915bfc225740d4c56887bdcbd
  languageName: node
  linkType: hard

"@typescript-eslint/utils@npm:5.38.1":
  version: 5.38.1
  resolution: "@typescript-eslint/utils@npm:5.38.1"
  dependencies:
    "@types/json-schema": "npm:^7.0.9"
    "@typescript-eslint/scope-manager": "npm:5.38.1"
    "@typescript-eslint/types": "npm:5.38.1"
    "@typescript-eslint/typescript-estree": "npm:5.38.1"
    eslint-scope: "npm:^5.1.1"
    eslint-utils: "npm:^3.0.0"
  peerDependencies:
    eslint: ^6.0.0 || ^7.0.0 || ^8.0.0
  checksum: 4d3a951193f3f9171b87cd0cacfa442685aa77e6f2348318e927682cdbe09cb5940716054a40bc29d153a0ae599ac17db087dbaa2b68ad42d0b7866ba1937ef9
  languageName: node
  linkType: hard

"@typescript-eslint/utils@npm:6.7.5":
  version: 6.7.5
  resolution: "@typescript-eslint/utils@npm:6.7.5"
  dependencies:
    "@eslint-community/eslint-utils": "npm:^4.4.0"
    "@types/json-schema": "npm:^7.0.12"
    "@types/semver": "npm:^7.5.0"
    "@typescript-eslint/scope-manager": "npm:6.7.5"
    "@typescript-eslint/types": "npm:6.7.5"
    "@typescript-eslint/typescript-estree": "npm:6.7.5"
    semver: "npm:^7.5.4"
  peerDependencies:
    eslint: ^7.0.0 || ^8.0.0
  checksum: ad1ab2de669dff0e863e99f0ccd7c88b91623480211486071aa22be734d74120eafd2afd155727116442c0f323945238721f2bf2d66ae8011dc28ae4cf379c59
  languageName: node
  linkType: hard

"@typescript-eslint/visitor-keys@npm:5.38.1":
  version: 5.38.1
  resolution: "@typescript-eslint/visitor-keys@npm:5.38.1"
  dependencies:
    "@typescript-eslint/types": "npm:5.38.1"
    eslint-visitor-keys: "npm:^3.3.0"
  checksum: 963885aad3650165b62c95b65bcffb077bc69b03164b63050fbf0d8a88da4c94d33b3d1bad62627ad15b3446b7ce328853488097f351f0c5be38e46c75df7403
  languageName: node
  linkType: hard

"@typescript-eslint/visitor-keys@npm:6.7.5":
  version: 6.7.5
  resolution: "@typescript-eslint/visitor-keys@npm:6.7.5"
  dependencies:
    "@typescript-eslint/types": "npm:6.7.5"
    eslint-visitor-keys: "npm:^3.4.1"
  checksum: b463a703898159729709226100be084e19f72820f15d5855a72069cb5e25398669ec65d9b153a1cfad70248221527a6cd0dfd3e57762545b3ffb8e9ab2f48f1a
  languageName: node
  linkType: hard

"array-union@npm:^2.1.0":
  version: 2.1.0
  resolution: "array-union@npm:2.1.0"
  checksum: 429897e68110374f39b771ec47a7161fc6a8fc33e196857c0a396dc75df0b5f65e4d046674db764330b6bb66b39ef48dd7c53b6a2ee75cfb0681e0c1a7033962
  languageName: node
  linkType: hard

"braces@npm:^3.0.2":
  version: 3.0.2
  resolution: "braces@npm:3.0.2"
  dependencies:
    fill-range: "npm:^7.0.1"
  checksum: 321b4d675791479293264019156ca322163f02dc06e3c4cab33bb15cd43d80b51efef69b0930cfde3acd63d126ebca24cd0544fa6f261e093a0fb41ab9dda381
  languageName: node
  linkType: hard

"debug@npm:^4.3.4":
  version: 4.3.4
  resolution: "debug@npm:4.3.4"
  dependencies:
    ms: "npm:2.1.2"
  peerDependenciesMeta:
    supports-color:
      optional: true
  checksum: cedbec45298dd5c501d01b92b119cd3faebe5438c3917ff11ae1bff86a6c722930ac9c8659792824013168ba6db7c4668225d845c633fbdafbbf902a6389f736
  languageName: node
  linkType: hard

"dir-glob@npm:^3.0.1":
  version: 3.0.1
  resolution: "dir-glob@npm:3.0.1"
  dependencies:
    path-type: "npm:^4.0.0"
  checksum: dcac00920a4d503e38bb64001acb19df4efc14536ada475725e12f52c16777afdee4db827f55f13a908ee7efc0cb282e2e3dbaeeb98c0993dd93d1802d3bf00c
  languageName: node
  linkType: hard

"eslint-plugin-simple-import-sort@npm:8.0.0":
  version: 8.0.0
  resolution: "eslint-plugin-simple-import-sort@npm:8.0.0"
  peerDependencies:
    eslint: ">=5.0.0"
  checksum: 31f5e1003cd1a626aa0d373eceb777b82df7ca82d06f7a546703047cc50869807b3861c5551295c4b9b964b61252f3b99bb87b9c1f235ceaf622cd87fba0f3be
  languageName: node
  linkType: hard

"eslint-plugin-typescript-sort-keys@npm:3.1.0":
  version: 3.1.0
  resolution: "eslint-plugin-typescript-sort-keys@npm:3.1.0"
  dependencies:
    "@typescript-eslint/experimental-utils": "npm:^5.0.0"
    json-schema: "npm:^0.4.0"
    natural-compare-lite: "npm:^1.4.0"
  peerDependencies:
    "@typescript-eslint/parser": ^6
    eslint: ^7 || ^8
    typescript: ^3 || ^4 || ^5
  checksum: 746ab5b1ab5f33102a603347b42c28cf51bc05d7d81f606a990e11d8ed39b93066c6c9575bb1031e64ca796ab44e97fec48389bd232fd659944920eee42f5223
  languageName: node
  linkType: hard

"eslint-scope@npm:^5.1.1":
  version: 5.1.1
  resolution: "eslint-scope@npm:5.1.1"
  dependencies:
    esrecurse: "npm:^4.3.0"
    estraverse: "npm:^4.1.1"
  checksum: d30ef9dc1c1cbdece34db1539a4933fe3f9b14e1ffb27ecc85987902ee663ad7c9473bbd49a9a03195a373741e62e2f807c4938992e019b511993d163450e70a
  languageName: node
  linkType: hard

"eslint-utils@npm:^3.0.0":
  version: 3.0.0
  resolution: "eslint-utils@npm:3.0.0"
  dependencies:
    eslint-visitor-keys: "npm:^2.0.0"
  peerDependencies:
    eslint: ">=5"
  checksum: 45aa2b63667a8d9b474c98c28af908d0a592bed1a4568f3145cd49fb5d9510f545327ec95561625290313fe126e6d7bdfe3fdbdb6f432689fab6b9497d3bfb52
  languageName: node
  linkType: hard

"eslint-visitor-keys@npm:^2.0.0":
  version: 2.1.0
  resolution: "eslint-visitor-keys@npm:2.1.0"
  checksum: 9f0e3a2db751d84067d15977ac4b4472efd6b303e369e6ff241a99feac04da758f46d5add022c33d06b53596038dbae4b4aceb27c7e68b8dfc1055b35e495787
  languageName: node
  linkType: hard

"eslint-visitor-keys@npm:^3.3.0":
  version: 3.3.0
  resolution: "eslint-visitor-keys@npm:3.3.0"
  checksum: fc6a9b5bdee8d90e35e7564fd9db10fdf507a2c089a4f0d4d3dd091f7f4ac6790547c8b1b7a760642ef819f875ef86dd5bcb8cdf01b0775f57a699f4e6a20a18
  languageName: node
  linkType: hard

"eslint-visitor-keys@npm:^3.4.1":
  version: 3.4.1
  resolution: "eslint-visitor-keys@npm:3.4.1"
  checksum: b4ebd35aed5426cd81b1fb92487825f1acf47a31e91d76597a3ee0664d69627140c4dafaf9b319cfeb1f48c1113a393e21a734c669e6565a72e6fcc311bd9911
  languageName: node
  linkType: hard

"esrecurse@npm:^4.3.0":
  version: 4.3.0
  resolution: "esrecurse@npm:4.3.0"
  dependencies:
    estraverse: "npm:^5.2.0"
  checksum: 81a37116d1408ded88ada45b9fb16dbd26fba3aadc369ce50fcaf82a0bac12772ebd7b24cd7b91fc66786bf2c1ac7b5f196bc990a473efff972f5cb338877cf5
  languageName: node
  linkType: hard

"estraverse@npm:^4.1.1":
  version: 4.3.0
  resolution: "estraverse@npm:4.3.0"
  checksum: 9cb46463ef8a8a4905d3708a652d60122a0c20bb58dec7e0e12ab0e7235123d74214fc0141d743c381813e1b992767e2708194f6f6e0f9fd00c1b4e0887b8b6d
  languageName: node
  linkType: hard

"estraverse@npm:^5.2.0":
  version: 5.3.0
  resolution: "estraverse@npm:5.3.0"
  checksum: 1ff9447b96263dec95d6d67431c5e0771eb9776427421260a3e2f0fdd5d6bd4f8e37a7338f5ad2880c9f143450c9b1e4fc2069060724570a49cf9cf0312bd107
  languageName: node
  linkType: hard

"fast-glob@npm:^3.2.9":
  version: 3.2.12
  resolution: "fast-glob@npm:3.2.12"
  dependencies:
    "@nodelib/fs.stat": "npm:^2.0.2"
    "@nodelib/fs.walk": "npm:^1.2.3"
    glob-parent: "npm:^5.1.2"
    merge2: "npm:^1.3.0"
    micromatch: "npm:^4.0.4"
  checksum: 08604fb8ef6442ce74068bef3c3104382bb1f5ab28cf75e4ee904662778b60ad620e1405e692b7edea598ef445f5d387827a965ba034e1892bf54b1dfde97f26
  languageName: node
  linkType: hard

"fastq@npm:^1.6.0":
  version: 1.13.0
  resolution: "fastq@npm:1.13.0"
  dependencies:
    reusify: "npm:^1.0.4"
  checksum: 76c7b5dafb93c7e74359a3e6de834ce7a7c2e3a3184050ed4cb652661de55cf8d4895178d8d3ccd23069395056c7bb15450660d38fb382ca88c142b22694d7c9
  languageName: node
  linkType: hard

"fill-range@npm:^7.0.1":
  version: 7.0.1
  resolution: "fill-range@npm:7.0.1"
  dependencies:
    to-regex-range: "npm:^5.0.1"
  checksum: 7cdad7d426ffbaadf45aeb5d15ec675bbd77f7597ad5399e3d2766987ed20bda24d5fac64b3ee79d93276f5865608bb22344a26b9b1ae6c4d00bd94bf611623f
  languageName: node
  linkType: hard

"glob-parent@npm:^5.1.2":
  version: 5.1.2
  resolution: "glob-parent@npm:5.1.2"
  dependencies:
    is-glob: "npm:^4.0.1"
  checksum: cab87638e2112bee3f839ef5f6e0765057163d39c66be8ec1602f3823da4692297ad4e972de876ea17c44d652978638d2fd583c6713d0eb6591706825020c9ee
  languageName: node
  linkType: hard

"globby@npm:^11.1.0":
  version: 11.1.0
  resolution: "globby@npm:11.1.0"
  dependencies:
    array-union: "npm:^2.1.0"
    dir-glob: "npm:^3.0.1"
    fast-glob: "npm:^3.2.9"
    ignore: "npm:^5.2.0"
    merge2: "npm:^1.4.1"
    slash: "npm:^3.0.0"
  checksum: b39511b4afe4bd8a7aead3a27c4ade2b9968649abab0a6c28b1a90141b96ca68ca5db1302f7c7bd29eab66bf51e13916b8e0a3d0ac08f75e1e84a39b35691189
  languageName: node
  linkType: hard

"graphemer@npm:^1.4.0":
  version: 1.4.0
  resolution: "graphemer@npm:1.4.0"
  checksum: e951259d8cd2e0d196c72ec711add7115d42eb9a8146c8eeda5b8d3ac91e5dd816b9cd68920726d9fd4490368e7ed86e9c423f40db87e2d8dfafa00fa17c3a31
  languageName: node
  linkType: hard

"ignore@npm:^5.2.0":
  version: 5.2.0
  resolution: "ignore@npm:5.2.0"
  checksum: 7fb7b4c4c52c2555113ff968f8a83b8ac21b076282bfcb3f468c3fb429be69bd56222306c31de95dd452c647fc6ae24339b8047ebe3ef34c02591abfec58da01
  languageName: node
  linkType: hard

"ignore@npm:^5.2.4":
  version: 5.2.4
  resolution: "ignore@npm:5.2.4"
  checksum: 7c7cd90edd9fea6e037f9b9da4b01bf0a86b198ce78345f9bbd983929d68ff14830be31111edc5d70c264921f4962404d75b7262b4d9cc3bc12381eccbd03096
  languageName: node
  linkType: hard

"is-extglob@npm:^2.1.1":
  version: 2.1.1
  resolution: "is-extglob@npm:2.1.1"
  checksum: 5487da35691fbc339700bbb2730430b07777a3c21b9ebaecb3072512dfd7b4ba78ac2381a87e8d78d20ea08affb3f1971b4af629173a6bf435ff8a4c47747912
  languageName: node
  linkType: hard

"is-glob@npm:^4.0.1, is-glob@npm:^4.0.3":
  version: 4.0.3
  resolution: "is-glob@npm:4.0.3"
  dependencies:
    is-extglob: "npm:^2.1.1"
  checksum: 17fb4014e22be3bbecea9b2e3a76e9e34ff645466be702f1693e8f1ee1adac84710d0be0bd9f967d6354036fd51ab7c2741d954d6e91dae6bb69714de92c197a
  languageName: node
  linkType: hard

"is-number@npm:^7.0.0":
  version: 7.0.0
  resolution: "is-number@npm:7.0.0"
  checksum: b4686d0d3053146095ccd45346461bc8e53b80aeb7671cc52a4de02dbbf7dc0d1d2a986e2fe4ae206984b4d34ef37e8b795ebc4f4295c978373e6575e295d811
  languageName: node
  linkType: hard

"json-schema@npm:^0.4.0":
  version: 0.4.0
  resolution: "json-schema@npm:0.4.0"
  checksum: d4a637ec1d83544857c1c163232f3da46912e971d5bf054ba44fdb88f07d8d359a462b4aec46f2745efbc57053365608d88bc1d7b1729f7b4fc3369765639ed3
  languageName: node
  linkType: hard

"lru-cache@npm:^6.0.0":
  version: 6.0.0
  resolution: "lru-cache@npm:6.0.0"
  dependencies:
    yallist: "npm:^4.0.0"
  checksum: cb53e582785c48187d7a188d3379c181b5ca2a9c78d2bce3e7dee36f32761d1c42983da3fe12b55cb74e1779fa94cdc2e5367c028a9b35317184ede0c07a30a9
  languageName: node
  linkType: hard

"merge2@npm:^1.3.0, merge2@npm:^1.4.1":
  version: 1.4.1
  resolution: "merge2@npm:1.4.1"
  checksum: 254a8a4605b58f450308fc474c82ac9a094848081bf4c06778200207820e5193726dc563a0d2c16468810516a5c97d9d3ea0ca6585d23c58ccfff2403e8dbbeb
  languageName: node
  linkType: hard

"micromatch@npm:^4.0.4":
  version: 4.0.5
  resolution: "micromatch@npm:4.0.5"
  dependencies:
    braces: "npm:^3.0.2"
    picomatch: "npm:^2.3.1"
  checksum: 3d6505b20f9fa804af5d8c596cb1c5e475b9b0cd05f652c5b56141cf941bd72adaeb7a436fda344235cef93a7f29b7472efc779fcdb83b478eab0867b95cdeff
  languageName: node
  linkType: hard

"ms@npm:2.1.2":
  version: 2.1.2
  resolution: "ms@npm:2.1.2"
  checksum: a437714e2f90dbf881b5191d35a6db792efbca5badf112f87b9e1c712aace4b4b9b742dd6537f3edf90fd6f684de897cec230abde57e87883766712ddda297cc
  languageName: node
  linkType: hard

"natural-compare-lite@npm:^1.4.0":
  version: 1.4.0
  resolution: "natural-compare-lite@npm:1.4.0"
  checksum: f6cef26f5044515754802c0fc475d81426f3b90fe88c20fabe08771ce1f736ce46e0397c10acb569a4dd0acb84c7f1ee70676122f95d5bfdd747af3a6c6bbaa8
  languageName: node
  linkType: hard

"natural-compare@npm:^1.4.0":
  version: 1.4.0
  resolution: "natural-compare@npm:1.4.0"
  checksum: f5f9a7974bfb28a91afafa254b197f0f22c684d4a1731763dda960d2c8e375b36c7d690e0d9dc8fba774c537af14a7e979129bca23d88d052fbeb9466955e447
  languageName: node
  linkType: hard

"path-type@npm:^4.0.0":
  version: 4.0.0
  resolution: "path-type@npm:4.0.0"
  checksum: 666f6973f332f27581371efaf303fd6c272cc43c2057b37aa99e3643158c7e4b2626549555d88626e99ea9e046f82f32e41bbde5f1508547e9a11b149b52387c
  languageName: node
  linkType: hard

"picomatch@npm:^2.3.1":
  version: 2.3.1
  resolution: "picomatch@npm:2.3.1"
  checksum: 26c02b8d06f03206fc2ab8d16f19960f2ff9e81a658f831ecb656d8f17d9edc799e8364b1f4a7873e89d9702dff96204be0fa26fe4181f6843f040f819dac4be
  languageName: node
  linkType: hard

"queue-microtask@npm:^1.2.2":
  version: 1.2.3
  resolution: "queue-microtask@npm:1.2.3"
  checksum: 900a93d3cdae3acd7d16f642c29a642aea32c2026446151f0778c62ac089d4b8e6c986811076e1ae180a694cedf077d453a11b58ff0a865629a4f82ab558e102
  languageName: node
  linkType: hard

"reusify@npm:^1.0.4":
  version: 1.0.4
  resolution: "reusify@npm:1.0.4"
  checksum: c19ef26e4e188f408922c46f7ff480d38e8dfc55d448310dfb518736b23ed2c4f547fb64a6ed5bdba92cd7e7ddc889d36ff78f794816d5e71498d645ef476107
  languageName: node
  linkType: hard

"run-parallel@npm:^1.1.9":
  version: 1.2.0
  resolution: "run-parallel@npm:1.2.0"
  dependencies:
    queue-microtask: "npm:^1.2.2"
  checksum: 200b5ab25b5b8b7113f9901bfe3afc347e19bb7475b267d55ad0eb86a62a46d77510cb0f232507c9e5d497ebda569a08a9867d0d14f57a82ad5564d991588b39
  languageName: node
  linkType: hard

"semver@npm:^7.3.7":
  version: 7.3.7
  resolution: "semver@npm:7.3.7"
  dependencies:
    lru-cache: "npm:^6.0.0"
  bin:
    semver: bin/semver.js
  checksum: cffd30102de68a9f8cac9ef57b43c2173dc999da4fc5189872b421f9c9e2660f70243b8e964781ac6dc48ba2542647bb672beeb4d756c89c4a9e05e1144fa40a
  languageName: node
  linkType: hard

"semver@npm:^7.5.4":
  version: 7.5.4
  resolution: "semver@npm:7.5.4"
  dependencies:
    lru-cache: "npm:^6.0.0"
  bin:
    semver: bin/semver.js
  checksum: 5160b06975a38b11c1ab55950cb5b8a23db78df88275d3d8a42ccf1f29e55112ac995b3a26a522c36e3b5f76b0445f1eef70d696b8c7862a2b4303d7b0e7609e
  languageName: node
  linkType: hard

"slash@npm:^3.0.0":
  version: 3.0.0
  resolution: "slash@npm:3.0.0"
  checksum: e18488c6a42bdfd4ac5be85b2ced3ccd0224773baae6ad42cfbb9ec74fc07f9fa8396bd35ee638084ead7a2a0818eb5e7151111544d4731ce843019dab4be47b
  languageName: node
  linkType: hard

"to-regex-range@npm:^5.0.1":
  version: 5.0.1
  resolution: "to-regex-range@npm:5.0.1"
  dependencies:
    is-number: "npm:^7.0.0"
  checksum: 487988b0a19c654ff3e1961b87f471702e708fa8a8dd02a298ef16da7206692e8552a0250e8b3e8759270f62e9d8314616f6da274734d3b558b1fc7b7724e892
  languageName: node
  linkType: hard

"ts-api-utils@npm:^1.0.1":
  version: 1.0.1
  resolution: "ts-api-utils@npm:1.0.1"
  peerDependencies:
    typescript: ">=4.2.0"
  checksum: 8e8a54afb44df31c413e6f5b817a305a37780726125db26e85d01d553efc31aacb3ccad111a14844b584776f24e71bcd4db2f2d3e9bce8031a329dc78f3e46e2
  languageName: node
  linkType: hard

"tslib@npm:^1.8.1":
  version: 1.14.1
  resolution: "tslib@npm:1.14.1"
  checksum: 69ae09c49eea644bc5ebe1bca4fa4cc2c82b7b3e02f43b84bd891504edf66dbc6b2ec0eef31a957042de2269139e4acff911e6d186a258fb14069cd7f6febce2
  languageName: node
  linkType: hard

"tsutils@npm:^3.21.0":
  version: 3.21.0
  resolution: "tsutils@npm:3.21.0"
  dependencies:
    tslib: "npm:^1.8.1"
  peerDependencies:
    typescript: ">=2.8.0 || >= 3.2.0-dev || >= 3.3.0-dev || >= 3.4.0-dev || >= 3.5.0-dev || >= 3.6.0-dev || >= 3.6.0-beta || >= 3.7.0-dev || >= 3.7.0-beta"
  checksum: 02f19e458ec78ead8fffbf711f834ad8ecd2cc6ade4ec0320790713dccc0a412b99e7fd907c4cda2a1dc602c75db6f12e0108e87a5afad4b2f9e90a24cabd5a2
  languageName: node
  linkType: hard

"yallist@npm:^4.0.0":
  version: 4.0.0
  resolution: "yallist@npm:4.0.0"
  checksum: 2286b5e8dbfe22204ab66e2ef5cc9bbb1e55dfc873bbe0d568aa943eb255d131890dfd5bf243637273d31119b870f49c18fcde2c6ffbb7a7a092b870dc90625a
  languageName: node
  linkType: hard
