# This file is generated by running "yarn install" inside your project.
# Manual changes might be lost - proceed with caution!

__metadata:
  version: 8
  cacheKey: 10c0

"@eslint-community/eslint-utils@npm:^4.2.0, @eslint-community/eslint-utils@npm:^4.4.0":
  version: 4.4.0
  resolution: "@eslint-community/eslint-utils@npm:4.4.0"
  dependencies:
    eslint-visitor-keys: "npm:^3.3.0"
  peerDependencies:
    eslint: ^6.0.0 || ^7.0.0 || >=8.0.0
  checksum: 10c0/7e559c4ce59cd3a06b1b5a517b593912e680a7f981ae7affab0d01d709e99cd5647019be8fafa38c350305bc32f1f7d42c7073edde2ab536c745e365f37b607e
  languageName: node
  linkType: hard

"@eslint-community/regexpp@npm:^4.5.1":
  version: 4.10.0
  resolution: "@eslint-community/regexpp@npm:4.10.0"
  checksum: 10c0/c5f60ef1f1ea7649fa7af0e80a5a79f64b55a8a8fa5086de4727eb4c86c652aedee407a9c143b8995d2c0b2d75c1222bec9ba5d73dbfc1f314550554f0979ef4
  languageName: node
  linkType: hard

"@larvit/eslint-config-esm@npm:1.1.0":
  version: 1.1.0
  resolution: "@larvit/eslint-config-esm@npm:1.1.0"
  dependencies:
    eslint-plugin-simple-import-sort: "npm:8.0.0"
  peerDependencies:
    eslint: ">= 8"
  checksum: 10c0/bfcddea88410c507cb99f13ffcf99383ed1e1ab75c92685755d3fbaca4fb9dfb63f938c053796e6fe9e406f12af0fdf24526f88b5482719f86e511602b12ad45
  languageName: node
  linkType: hard

"@larvit/eslint-config-typescript-esm@workspace:.":
  version: 0.0.0-use.local
  resolution: "@larvit/eslint-config-typescript-esm@workspace:."
  dependencies:
    "@larvit/eslint-config-esm": "npm:1.1.0"
    "@typescript-eslint/eslint-plugin": "npm:7.0.2"
    "@typescript-eslint/parser": "npm:7.0.2"
    eslint-plugin-typescript-sort-keys: "npm:3.1.0"
  peerDependencies:
    eslint: ">= 8"
    typescript: ">= 4"
  languageName: unknown
  linkType: soft

"@nodelib/fs.scandir@npm:2.1.5":
  version: 2.1.5
  resolution: "@nodelib/fs.scandir@npm:2.1.5"
  dependencies:
    "@nodelib/fs.stat": "npm:2.0.5"
    run-parallel: "npm:^1.1.9"
  checksum: 10c0/732c3b6d1b1e967440e65f284bd06e5821fedf10a1bea9ed2bb75956ea1f30e08c44d3def9d6a230666574edbaf136f8cfd319c14fd1f87c66e6a44449afb2eb
  languageName: node
  linkType: hard

"@nodelib/fs.stat@npm:2.0.5, @nodelib/fs.stat@npm:^2.0.2":
  version: 2.0.5
  resolution: "@nodelib/fs.stat@npm:2.0.5"
  checksum: 10c0/88dafe5e3e29a388b07264680dc996c17f4bda48d163a9d4f5c1112979f0ce8ec72aa7116122c350b4e7976bc5566dc3ddb579be1ceaacc727872eb4ed93926d
  languageName: node
  linkType: hard

"@nodelib/fs.walk@npm:^1.2.3":
  version: 1.2.8
  resolution: "@nodelib/fs.walk@npm:1.2.8"
  dependencies:
    "@nodelib/fs.scandir": "npm:2.1.5"
    fastq: "npm:^1.6.0"
  checksum: 10c0/db9de047c3bb9b51f9335a7bb46f4fcfb6829fb628318c12115fbaf7d369bfce71c15b103d1fc3b464812d936220ee9bc1c8f762d032c9f6be9acc99249095b1
  languageName: node
  linkType: hard

"@types/json-schema@npm:^7.0.12, @types/json-schema@npm:^7.0.9":
  version: 7.0.14
  resolution: "@types/json-schema@npm:7.0.14"
  checksum: 10c0/da68689ccd44cb93ca4c9a4af3b25c6091ecf45fb370d1ed0d0ac5b780e235bf0b9bdc1f7e28f19e6713b22567c3db11fefcbcc6d48ac6b356d035a8f9f4ea30
  languageName: node
  linkType: hard

"@types/semver@npm:^7.3.12, @types/semver@npm:^7.5.0":
  version: 7.5.4
  resolution: "@types/semver@npm:7.5.4"
  checksum: 10c0/dee66a71d9f089c118be74b5937d4fef42864d68d9472a3f4f5399b9e3ad74d56a8e155020c846667b9ecf9de78fdb9ea55a53fff5067af28e06779b282b6c40
  languageName: node
  linkType: hard

"@typescript-eslint/eslint-plugin@npm:7.0.2":
  version: 7.0.2
  resolution: "@typescript-eslint/eslint-plugin@npm:7.0.2"
  dependencies:
    "@eslint-community/regexpp": "npm:^4.5.1"
    "@typescript-eslint/scope-manager": "npm:7.0.2"
    "@typescript-eslint/type-utils": "npm:7.0.2"
    "@typescript-eslint/utils": "npm:7.0.2"
    "@typescript-eslint/visitor-keys": "npm:7.0.2"
    debug: "npm:^4.3.4"
    graphemer: "npm:^1.4.0"
    ignore: "npm:^5.2.4"
    natural-compare: "npm:^1.4.0"
    semver: "npm:^7.5.4"
    ts-api-utils: "npm:^1.0.1"
  peerDependencies:
    "@typescript-eslint/parser": ^7.0.0
    eslint: ^8.56.0
  peerDependenciesMeta:
    typescript:
      optional: true
  checksum: 10c0/76727ad48f01c1bb4ef37690e7ed12754930ce3a4bbe5dcd52f24d42f4625fc0b151db8189947f3956b4a09a562eb2da683ff65b57a13a15426eee3b680f80a5
  languageName: node
  linkType: hard

"@typescript-eslint/experimental-utils@npm:^5.0.0":
  version: 5.62.0
  resolution: "@typescript-eslint/experimental-utils@npm:5.62.0"
  dependencies:
    "@typescript-eslint/utils": "npm:5.62.0"
  peerDependencies:
    eslint: ^6.0.0 || ^7.0.0 || ^8.0.0
  checksum: 10c0/f7037977e00849cd8c03677a88b0659a4f0e0b1e0151aebb47c49c92b8e57408578142df598eac08b364623d926343c724f42494f87662e437b1c89f0b2e815b
  languageName: node
  linkType: hard

"@typescript-eslint/parser@npm:7.0.2":
  version: 7.0.2
  resolution: "@typescript-eslint/parser@npm:7.0.2"
  dependencies:
    "@typescript-eslint/scope-manager": "npm:7.0.2"
    "@typescript-eslint/types": "npm:7.0.2"
    "@typescript-eslint/typescript-estree": "npm:7.0.2"
    "@typescript-eslint/visitor-keys": "npm:7.0.2"
    debug: "npm:^4.3.4"
  peerDependencies:
    eslint: ^8.56.0
  peerDependenciesMeta:
    typescript:
      optional: true
  checksum: 10c0/acffdbea0bba24398ba8bd1ccf5b59438bc093e41d7a325019383094f39d676b5cf2f5963bfa5e332e54728e5b9e14be3984752ee91da6f0e1a3e0b613422d0e
  languageName: node
  linkType: hard

"@typescript-eslint/scope-manager@npm:5.62.0":
  version: 5.62.0
  resolution: "@typescript-eslint/scope-manager@npm:5.62.0"
  dependencies:
    "@typescript-eslint/types": "npm:5.62.0"
    "@typescript-eslint/visitor-keys": "npm:5.62.0"
  checksum: 10c0/861253235576c1c5c1772d23cdce1418c2da2618a479a7de4f6114a12a7ca853011a1e530525d0931c355a8fd237b9cd828fac560f85f9623e24054fd024726f
  languageName: node
  linkType: hard

"@typescript-eslint/scope-manager@npm:7.0.2":
  version: 7.0.2
  resolution: "@typescript-eslint/scope-manager@npm:7.0.2"
  dependencies:
    "@typescript-eslint/types": "npm:7.0.2"
    "@typescript-eslint/visitor-keys": "npm:7.0.2"
  checksum: 10c0/60241a0dbed7605133b6242d7fc172e8ee649e1033b8a179cebe3e21c60e0c08c12679fd37644cfef57c95a5d75a3927afc9d6365a5f9684c1d043285db23c66
  languageName: node
  linkType: hard

"@typescript-eslint/type-utils@npm:7.0.2":
  version: 7.0.2
  resolution: "@typescript-eslint/type-utils@npm:7.0.2"
  dependencies:
    "@typescript-eslint/typescript-estree": "npm:7.0.2"
    "@typescript-eslint/utils": "npm:7.0.2"
    debug: "npm:^4.3.4"
    ts-api-utils: "npm:^1.0.1"
  peerDependencies:
    eslint: ^8.56.0
  peerDependenciesMeta:
    typescript:
      optional: true
  checksum: 10c0/fa7957aa65cb0d7366c7c9be94e45cc2f1ebe9981cbf393054b505c6d555a01b2a2fe7cd1254d668f30183a275032f909186ce0b9f213f64b776bd7872144a6e
  languageName: node
  linkType: hard

"@typescript-eslint/types@npm:5.62.0":
  version: 5.62.0
  resolution: "@typescript-eslint/types@npm:5.62.0"
  checksum: 10c0/7febd3a7f0701c0b927e094f02e82d8ee2cada2b186fcb938bc2b94ff6fbad88237afc304cbaf33e82797078bbbb1baf91475f6400912f8b64c89be79bfa4ddf
  languageName: node
  linkType: hard

"@typescript-eslint/types@npm:7.0.2":
  version: 7.0.2
  resolution: "@typescript-eslint/types@npm:7.0.2"
  checksum: 10c0/5f95266cc2cd0e6cf1239dcd36b53c7d98b01ba12c61947316f0d879df87b912b4d23f0796324e2ab0fb8780503a338da41a4695fa91d90392b6c6aca5239fa7
  languageName: node
  linkType: hard

"@typescript-eslint/typescript-estree@npm:5.62.0":
  version: 5.62.0
  resolution: "@typescript-eslint/typescript-estree@npm:5.62.0"
  dependencies:
    "@typescript-eslint/types": "npm:5.62.0"
    "@typescript-eslint/visitor-keys": "npm:5.62.0"
    debug: "npm:^4.3.4"
    globby: "npm:^11.1.0"
    is-glob: "npm:^4.0.3"
    semver: "npm:^7.3.7"
    tsutils: "npm:^3.21.0"
  peerDependenciesMeta:
    typescript:
      optional: true
  checksum: 10c0/d7984a3e9d56897b2481940ec803cb8e7ead03df8d9cfd9797350be82ff765dfcf3cfec04e7355e1779e948da8f02bc5e11719d07a596eb1cb995c48a95e38cf
  languageName: node
  linkType: hard

"@typescript-eslint/typescript-estree@npm:7.0.2":
  version: 7.0.2
  resolution: "@typescript-eslint/typescript-estree@npm:7.0.2"
  dependencies:
    "@typescript-eslint/types": "npm:7.0.2"
    "@typescript-eslint/visitor-keys": "npm:7.0.2"
    debug: "npm:^4.3.4"
    globby: "npm:^11.1.0"
    is-glob: "npm:^4.0.3"
    minimatch: "npm:9.0.3"
    semver: "npm:^7.5.4"
    ts-api-utils: "npm:^1.0.1"
  peerDependenciesMeta:
    typescript:
      optional: true
  checksum: 10c0/2f6795b05fced9f2e0887f6735aa1a0b20516952792e4be13cd94c5e56db8ad013ba27aeb56f89fedff8b7af587f854482f00aac75b418611c74e42169c29aeb
  languageName: node
  linkType: hard

"@typescript-eslint/utils@npm:5.62.0":
  version: 5.62.0
  resolution: "@typescript-eslint/utils@npm:5.62.0"
  dependencies:
    "@eslint-community/eslint-utils": "npm:^4.2.0"
    "@types/json-schema": "npm:^7.0.9"
    "@types/semver": "npm:^7.3.12"
    "@typescript-eslint/scope-manager": "npm:5.62.0"
    "@typescript-eslint/types": "npm:5.62.0"
    "@typescript-eslint/typescript-estree": "npm:5.62.0"
    eslint-scope: "npm:^5.1.1"
    semver: "npm:^7.3.7"
  peerDependencies:
    eslint: ^6.0.0 || ^7.0.0 || ^8.0.0
  checksum: 10c0/f09b7d9952e4a205eb1ced31d7684dd55cee40bf8c2d78e923aa8a255318d97279825733902742c09d8690f37a50243f4c4d383ab16bd7aefaf9c4b438f785e1
  languageName: node
  linkType: hard

"@typescript-eslint/utils@npm:7.0.2":
  version: 7.0.2
  resolution: "@typescript-eslint/utils@npm:7.0.2"
  dependencies:
    "@eslint-community/eslint-utils": "npm:^4.4.0"
    "@types/json-schema": "npm:^7.0.12"
    "@types/semver": "npm:^7.5.0"
    "@typescript-eslint/scope-manager": "npm:7.0.2"
    "@typescript-eslint/types": "npm:7.0.2"
    "@typescript-eslint/typescript-estree": "npm:7.0.2"
    semver: "npm:^7.5.4"
  peerDependencies:
    eslint: ^8.56.0
  checksum: 10c0/b4ae9a36393c92b332e99d70219d1ee056271261f7433924db804e5f06d97ca60408b9c7a655afce8a851982e7153243a625d6cc76fea764f767f96c8f3e16da
  languageName: node
  linkType: hard

"@typescript-eslint/visitor-keys@npm:5.62.0":
  version: 5.62.0
  resolution: "@typescript-eslint/visitor-keys@npm:5.62.0"
  dependencies:
    "@typescript-eslint/types": "npm:5.62.0"
    eslint-visitor-keys: "npm:^3.3.0"
  checksum: 10c0/7c3b8e4148e9b94d9b7162a596a1260d7a3efc4e65199693b8025c71c4652b8042501c0bc9f57654c1e2943c26da98c0f77884a746c6ae81389fcb0b513d995d
  languageName: node
  linkType: hard

"@typescript-eslint/visitor-keys@npm:7.0.2":
  version: 7.0.2
  resolution: "@typescript-eslint/visitor-keys@npm:7.0.2"
  dependencies:
    "@typescript-eslint/types": "npm:7.0.2"
    eslint-visitor-keys: "npm:^3.4.1"
  checksum: 10c0/4146d1ad6ce9374e6b5a75677fc709816bdc5fe324b1a857405f21dad23bb28c79cfd0555bc2a01c4af1d9e9ee81ff5e29ec41cc9d05b0b1101cc4264e7f21d1
  languageName: node
  linkType: hard

"array-union@npm:^2.1.0":
  version: 2.1.0
  resolution: "array-union@npm:2.1.0"
  checksum: 10c0/429897e68110374f39b771ec47a7161fc6a8fc33e196857c0a396dc75df0b5f65e4d046674db764330b6bb66b39ef48dd7c53b6a2ee75cfb0681e0c1a7033962
  languageName: node
  linkType: hard

"balanced-match@npm:^1.0.0":
  version: 1.0.2
  resolution: "balanced-match@npm:1.0.2"
  checksum: 10c0/9308baf0a7e4838a82bbfd11e01b1cb0f0cf2893bc1676c27c2a8c0e70cbae1c59120c3268517a8ae7fb6376b4639ef81ca22582611dbee4ed28df945134aaee
  languageName: node
  linkType: hard

"brace-expansion@npm:^2.0.1":
  version: 2.0.1
  resolution: "brace-expansion@npm:2.0.1"
  dependencies:
    balanced-match: "npm:^1.0.0"
  checksum: 10c0/b358f2fe060e2d7a87aa015979ecea07f3c37d4018f8d6deb5bd4c229ad3a0384fe6029bb76cd8be63c81e516ee52d1a0673edbe2023d53a5191732ae3c3e49f
  languageName: node
  linkType: hard

"braces@npm:^3.0.2":
  version: 3.0.2
  resolution: "braces@npm:3.0.2"
  dependencies:
    fill-range: "npm:^7.0.1"
  checksum: 10c0/321b4d675791479293264019156ca322163f02dc06e3c4cab33bb15cd43d80b51efef69b0930cfde3acd63d126ebca24cd0544fa6f261e093a0fb41ab9dda381
  languageName: node
  linkType: hard

"debug@npm:^4.3.4":
  version: 4.3.4
  resolution: "debug@npm:4.3.4"
  dependencies:
    ms: "npm:2.1.2"
  peerDependenciesMeta:
    supports-color:
      optional: true
  checksum: 10c0/cedbec45298dd5c501d01b92b119cd3faebe5438c3917ff11ae1bff86a6c722930ac9c8659792824013168ba6db7c4668225d845c633fbdafbbf902a6389f736
  languageName: node
  linkType: hard

"dir-glob@npm:^3.0.1":
  version: 3.0.1
  resolution: "dir-glob@npm:3.0.1"
  dependencies:
    path-type: "npm:^4.0.0"
  checksum: 10c0/dcac00920a4d503e38bb64001acb19df4efc14536ada475725e12f52c16777afdee4db827f55f13a908ee7efc0cb282e2e3dbaeeb98c0993dd93d1802d3bf00c
  languageName: node
  linkType: hard

"eslint-plugin-simple-import-sort@npm:8.0.0":
  version: 8.0.0
  resolution: "eslint-plugin-simple-import-sort@npm:8.0.0"
  peerDependencies:
    eslint: ">=5.0.0"
  checksum: 10c0/31f5e1003cd1a626aa0d373eceb777b82df7ca82d06f7a546703047cc50869807b3861c5551295c4b9b964b61252f3b99bb87b9c1f235ceaf622cd87fba0f3be
  languageName: node
  linkType: hard

"eslint-plugin-typescript-sort-keys@npm:3.1.0":
  version: 3.1.0
  resolution: "eslint-plugin-typescript-sort-keys@npm:3.1.0"
  dependencies:
    "@typescript-eslint/experimental-utils": "npm:^5.0.0"
    json-schema: "npm:^0.4.0"
    natural-compare-lite: "npm:^1.4.0"
  peerDependencies:
    "@typescript-eslint/parser": ^6
    eslint: ^7 || ^8
    typescript: ^3 || ^4 || ^5
  checksum: 10c0/746ab5b1ab5f33102a603347b42c28cf51bc05d7d81f606a990e11d8ed39b93066c6c9575bb1031e64ca796ab44e97fec48389bd232fd659944920eee42f5223
  languageName: node
  linkType: hard

"eslint-scope@npm:^5.1.1":
  version: 5.1.1
  resolution: "eslint-scope@npm:5.1.1"
  dependencies:
    esrecurse: "npm:^4.3.0"
    estraverse: "npm:^4.1.1"
  checksum: 10c0/d30ef9dc1c1cbdece34db1539a4933fe3f9b14e1ffb27ecc85987902ee663ad7c9473bbd49a9a03195a373741e62e2f807c4938992e019b511993d163450e70a
  languageName: node
  linkType: hard

"eslint-visitor-keys@npm:^3.3.0, eslint-visitor-keys@npm:^3.4.1":
  version: 3.4.3
  resolution: "eslint-visitor-keys@npm:3.4.3"
  checksum: 10c0/92708e882c0a5ffd88c23c0b404ac1628cf20104a108c745f240a13c332a11aac54f49a22d5762efbffc18ecbc9a580d1b7ad034bf5f3cc3307e5cbff2ec9820
  languageName: node
  linkType: hard

"esrecurse@npm:^4.3.0":
  version: 4.3.0
  resolution: "esrecurse@npm:4.3.0"
  dependencies:
    estraverse: "npm:^5.2.0"
  checksum: 10c0/81a37116d1408ded88ada45b9fb16dbd26fba3aadc369ce50fcaf82a0bac12772ebd7b24cd7b91fc66786bf2c1ac7b5f196bc990a473efff972f5cb338877cf5
  languageName: node
  linkType: hard

"estraverse@npm:^4.1.1":
  version: 4.3.0
  resolution: "estraverse@npm:4.3.0"
  checksum: 10c0/9cb46463ef8a8a4905d3708a652d60122a0c20bb58dec7e0e12ab0e7235123d74214fc0141d743c381813e1b992767e2708194f6f6e0f9fd00c1b4e0887b8b6d
  languageName: node
  linkType: hard

"estraverse@npm:^5.2.0":
  version: 5.3.0
  resolution: "estraverse@npm:5.3.0"
  checksum: 10c0/1ff9447b96263dec95d6d67431c5e0771eb9776427421260a3e2f0fdd5d6bd4f8e37a7338f5ad2880c9f143450c9b1e4fc2069060724570a49cf9cf0312bd107
  languageName: node
  linkType: hard

"fast-glob@npm:^3.2.9":
  version: 3.3.1
  resolution: "fast-glob@npm:3.3.1"
  dependencies:
    "@nodelib/fs.stat": "npm:^2.0.2"
    "@nodelib/fs.walk": "npm:^1.2.3"
    glob-parent: "npm:^5.1.2"
    merge2: "npm:^1.3.0"
    micromatch: "npm:^4.0.4"
  checksum: 10c0/b68431128fb6ce4b804c5f9622628426d990b66c75b21c0d16e3d80e2d1398bf33f7e1724e66a2e3f299285dcf5b8d745b122d0304e7dd66f5231081f33ec67c
  languageName: node
  linkType: hard

"fastq@npm:^1.6.0":
  version: 1.15.0
  resolution: "fastq@npm:1.15.0"
  dependencies:
    reusify: "npm:^1.0.4"
  checksum: 10c0/5ce4f83afa5f88c9379e67906b4d31bc7694a30826d6cc8d0f0473c966929017fda65c2174b0ec89f064ede6ace6c67f8a4fe04cef42119b6a55b0d465554c24
  languageName: node
  linkType: hard

"fill-range@npm:^7.0.1":
  version: 7.0.1
  resolution: "fill-range@npm:7.0.1"
  dependencies:
    to-regex-range: "npm:^5.0.1"
  checksum: 10c0/7cdad7d426ffbaadf45aeb5d15ec675bbd77f7597ad5399e3d2766987ed20bda24d5fac64b3ee79d93276f5865608bb22344a26b9b1ae6c4d00bd94bf611623f
  languageName: node
  linkType: hard

"glob-parent@npm:^5.1.2":
  version: 5.1.2
  resolution: "glob-parent@npm:5.1.2"
  dependencies:
    is-glob: "npm:^4.0.1"
  checksum: 10c0/cab87638e2112bee3f839ef5f6e0765057163d39c66be8ec1602f3823da4692297ad4e972de876ea17c44d652978638d2fd583c6713d0eb6591706825020c9ee
  languageName: node
  linkType: hard

"globby@npm:^11.1.0":
  version: 11.1.0
  resolution: "globby@npm:11.1.0"
  dependencies:
    array-union: "npm:^2.1.0"
    dir-glob: "npm:^3.0.1"
    fast-glob: "npm:^3.2.9"
    ignore: "npm:^5.2.0"
    merge2: "npm:^1.4.1"
    slash: "npm:^3.0.0"
  checksum: 10c0/b39511b4afe4bd8a7aead3a27c4ade2b9968649abab0a6c28b1a90141b96ca68ca5db1302f7c7bd29eab66bf51e13916b8e0a3d0ac08f75e1e84a39b35691189
  languageName: node
  linkType: hard

"graphemer@npm:^1.4.0":
  version: 1.4.0
  resolution: "graphemer@npm:1.4.0"
  checksum: 10c0/e951259d8cd2e0d196c72ec711add7115d42eb9a8146c8eeda5b8d3ac91e5dd816b9cd68920726d9fd4490368e7ed86e9c423f40db87e2d8dfafa00fa17c3a31
  languageName: node
  linkType: hard

"ignore@npm:^5.2.0, ignore@npm:^5.2.4":
  version: 5.2.4
  resolution: "ignore@npm:5.2.4"
  checksum: 10c0/7c7cd90edd9fea6e037f9b9da4b01bf0a86b198ce78345f9bbd983929d68ff14830be31111edc5d70c264921f4962404d75b7262b4d9cc3bc12381eccbd03096
  languageName: node
  linkType: hard

"is-extglob@npm:^2.1.1":
  version: 2.1.1
  resolution: "is-extglob@npm:2.1.1"
  checksum: 10c0/5487da35691fbc339700bbb2730430b07777a3c21b9ebaecb3072512dfd7b4ba78ac2381a87e8d78d20ea08affb3f1971b4af629173a6bf435ff8a4c47747912
  languageName: node
  linkType: hard

"is-glob@npm:^4.0.1, is-glob@npm:^4.0.3":
  version: 4.0.3
  resolution: "is-glob@npm:4.0.3"
  dependencies:
    is-extglob: "npm:^2.1.1"
  checksum: 10c0/17fb4014e22be3bbecea9b2e3a76e9e34ff645466be702f1693e8f1ee1adac84710d0be0bd9f967d6354036fd51ab7c2741d954d6e91dae6bb69714de92c197a
  languageName: node
  linkType: hard

"is-number@npm:^7.0.0":
  version: 7.0.0
  resolution: "is-number@npm:7.0.0"
  checksum: 10c0/b4686d0d3053146095ccd45346461bc8e53b80aeb7671cc52a4de02dbbf7dc0d1d2a986e2fe4ae206984b4d34ef37e8b795ebc4f4295c978373e6575e295d811
  languageName: node
  linkType: hard

"json-schema@npm:^0.4.0":
  version: 0.4.0
  resolution: "json-schema@npm:0.4.0"
  checksum: 10c0/d4a637ec1d83544857c1c163232f3da46912e971d5bf054ba44fdb88f07d8d359a462b4aec46f2745efbc57053365608d88bc1d7b1729f7b4fc3369765639ed3
  languageName: node
  linkType: hard

"lru-cache@npm:^6.0.0":
  version: 6.0.0
  resolution: "lru-cache@npm:6.0.0"
  dependencies:
    yallist: "npm:^4.0.0"
  checksum: 10c0/cb53e582785c48187d7a188d3379c181b5ca2a9c78d2bce3e7dee36f32761d1c42983da3fe12b55cb74e1779fa94cdc2e5367c028a9b35317184ede0c07a30a9
  languageName: node
  linkType: hard

"merge2@npm:^1.3.0, merge2@npm:^1.4.1":
  version: 1.4.1
  resolution: "merge2@npm:1.4.1"
  checksum: 10c0/254a8a4605b58f450308fc474c82ac9a094848081bf4c06778200207820e5193726dc563a0d2c16468810516a5c97d9d3ea0ca6585d23c58ccfff2403e8dbbeb
  languageName: node
  linkType: hard

"micromatch@npm:^4.0.4":
  version: 4.0.5
  resolution: "micromatch@npm:4.0.5"
  dependencies:
    braces: "npm:^3.0.2"
    picomatch: "npm:^2.3.1"
  checksum: 10c0/3d6505b20f9fa804af5d8c596cb1c5e475b9b0cd05f652c5b56141cf941bd72adaeb7a436fda344235cef93a7f29b7472efc779fcdb83b478eab0867b95cdeff
  languageName: node
  linkType: hard

"minimatch@npm:9.0.3":
  version: 9.0.3
  resolution: "minimatch@npm:9.0.3"
  dependencies:
    brace-expansion: "npm:^2.0.1"
  checksum: 10c0/85f407dcd38ac3e180f425e86553911d101455ca3ad5544d6a7cec16286657e4f8a9aa6695803025c55e31e35a91a2252b5dc8e7d527211278b8b65b4dbd5eac
  languageName: node
  linkType: hard

"ms@npm:2.1.2":
  version: 2.1.2
  resolution: "ms@npm:2.1.2"
  checksum: 10c0/a437714e2f90dbf881b5191d35a6db792efbca5badf112f87b9e1c712aace4b4b9b742dd6537f3edf90fd6f684de897cec230abde57e87883766712ddda297cc
  languageName: node
  linkType: hard

"natural-compare-lite@npm:^1.4.0":
  version: 1.4.0
  resolution: "natural-compare-lite@npm:1.4.0"
  checksum: 10c0/f6cef26f5044515754802c0fc475d81426f3b90fe88c20fabe08771ce1f736ce46e0397c10acb569a4dd0acb84c7f1ee70676122f95d5bfdd747af3a6c6bbaa8
  languageName: node
  linkType: hard

"natural-compare@npm:^1.4.0":
  version: 1.4.0
  resolution: "natural-compare@npm:1.4.0"
  checksum: 10c0/f5f9a7974bfb28a91afafa254b197f0f22c684d4a1731763dda960d2c8e375b36c7d690e0d9dc8fba774c537af14a7e979129bca23d88d052fbeb9466955e447
  languageName: node
  linkType: hard

"path-type@npm:^4.0.0":
  version: 4.0.0
  resolution: "path-type@npm:4.0.0"
  checksum: 10c0/666f6973f332f27581371efaf303fd6c272cc43c2057b37aa99e3643158c7e4b2626549555d88626e99ea9e046f82f32e41bbde5f1508547e9a11b149b52387c
  languageName: node
  linkType: hard

"picomatch@npm:^2.3.1":
  version: 2.3.1
  resolution: "picomatch@npm:2.3.1"
  checksum: 10c0/26c02b8d06f03206fc2ab8d16f19960f2ff9e81a658f831ecb656d8f17d9edc799e8364b1f4a7873e89d9702dff96204be0fa26fe4181f6843f040f819dac4be
  languageName: node
  linkType: hard

"queue-microtask@npm:^1.2.2":
  version: 1.2.3
  resolution: "queue-microtask@npm:1.2.3"
  checksum: 10c0/900a93d3cdae3acd7d16f642c29a642aea32c2026446151f0778c62ac089d4b8e6c986811076e1ae180a694cedf077d453a11b58ff0a865629a4f82ab558e102
  languageName: node
  linkType: hard

"reusify@npm:^1.0.4":
  version: 1.0.4
  resolution: "reusify@npm:1.0.4"
  checksum: 10c0/c19ef26e4e188f408922c46f7ff480d38e8dfc55d448310dfb518736b23ed2c4f547fb64a6ed5bdba92cd7e7ddc889d36ff78f794816d5e71498d645ef476107
  languageName: node
  linkType: hard

"run-parallel@npm:^1.1.9":
  version: 1.2.0
  resolution: "run-parallel@npm:1.2.0"
  dependencies:
    queue-microtask: "npm:^1.2.2"
  checksum: 10c0/200b5ab25b5b8b7113f9901bfe3afc347e19bb7475b267d55ad0eb86a62a46d77510cb0f232507c9e5d497ebda569a08a9867d0d14f57a82ad5564d991588b39
  languageName: node
  linkType: hard

"semver@npm:^7.3.7, semver@npm:^7.5.4":
  version: 7.5.4
  resolution: "semver@npm:7.5.4"
  dependencies:
    lru-cache: "npm:^6.0.0"
  bin:
    semver: bin/semver.js
  checksum: 10c0/5160b06975a38b11c1ab55950cb5b8a23db78df88275d3d8a42ccf1f29e55112ac995b3a26a522c36e3b5f76b0445f1eef70d696b8c7862a2b4303d7b0e7609e
  languageName: node
  linkType: hard

"slash@npm:^3.0.0":
  version: 3.0.0
  resolution: "slash@npm:3.0.0"
  checksum: 10c0/e18488c6a42bdfd4ac5be85b2ced3ccd0224773baae6ad42cfbb9ec74fc07f9fa8396bd35ee638084ead7a2a0818eb5e7151111544d4731ce843019dab4be47b
  languageName: node
  linkType: hard

"to-regex-range@npm:^5.0.1":
  version: 5.0.1
  resolution: "to-regex-range@npm:5.0.1"
  dependencies:
    is-number: "npm:^7.0.0"
  checksum: 10c0/487988b0a19c654ff3e1961b87f471702e708fa8a8dd02a298ef16da7206692e8552a0250e8b3e8759270f62e9d8314616f6da274734d3b558b1fc7b7724e892
  languageName: node
  linkType: hard

"ts-api-utils@npm:^1.0.1":
  version: 1.0.3
  resolution: "ts-api-utils@npm:1.0.3"
  peerDependencies:
    typescript: ">=4.2.0"
  checksum: 10c0/9408338819c3aca2a709f0bc54e3f874227901506cacb1163612a6c8a43df224174feb965a5eafdae16f66fc68fd7bfee8d3275d0fa73fbb8699e03ed26520c9
  languageName: node
  linkType: hard

"tslib@npm:^1.8.1":
  version: 1.14.1
  resolution: "tslib@npm:1.14.1"
  checksum: 10c0/69ae09c49eea644bc5ebe1bca4fa4cc2c82b7b3e02f43b84bd891504edf66dbc6b2ec0eef31a957042de2269139e4acff911e6d186a258fb14069cd7f6febce2
  languageName: node
  linkType: hard

"tsutils@npm:^3.21.0":
  version: 3.21.0
  resolution: "tsutils@npm:3.21.0"
  dependencies:
    tslib: "npm:^1.8.1"
  peerDependencies:
    typescript: ">=2.8.0 || >= 3.2.0-dev || >= 3.3.0-dev || >= 3.4.0-dev || >= 3.5.0-dev || >= 3.6.0-dev || >= 3.6.0-beta || >= 3.7.0-dev || >= 3.7.0-beta"
  checksum: 10c0/02f19e458ec78ead8fffbf711f834ad8ecd2cc6ade4ec0320790713dccc0a412b99e7fd907c4cda2a1dc602c75db6f12e0108e87a5afad4b2f9e90a24cabd5a2
  languageName: node
  linkType: hard

"yallist@npm:^4.0.0":
  version: 4.0.0
  resolution: "yallist@npm:4.0.0"
  checksum: 10c0/2286b5e8dbfe22204ab66e2ef5cc9bbb1e55dfc873bbe0d568aa943eb255d131890dfd5bf243637273d31119b870f49c18fcde2c6ffbb7a7a092b870dc90625a
  languageName: node
  linkType: hard
